
Microsoft Visual Studio Solution File, Format Version 12.00
# Visual Studio Version 16
VisualStudioVersion = 16.0.30523.141
MinimumVisualStudioVersion = 10.0.40219.1
Project("{FAE04EC0-301F-11D3-BF4B-00C04F79EFBC}") = "RestClient", "RestClient\RestClient.csproj", "{DD6F88BE-468D-4B12-B4E3-527493871C81}"
EndProject
Global
	GlobalSection(SolutionConfigurationPlatforms) = preSolution
		Debug|Any CPU = Debug|Any CPU
		Release|Any CPU = Release|Any CPU
	EndGlobalSection
	GlobalSection(ProjectConfigurationPlatforms) = postSolution
		{DD6F88BE-468D-4B12-B4E3-527493871C81}.Debug|Any CPU.ActiveCfg = Debug|Any CPU
		{DD6F88BE-468D-4B12-B4E3-527493871C81}.Debug|Any CPU.Build.0 = Debug|Any CPU
		{DD6F88BE-468D-4B12-B4E3-527493871C81}.Release|Any CPU.ActiveCfg = Release|Any CPU
		{DD6F88BE-468D-4B12-B4E3-527493871C81}.Release|Any CPU.Build.0 = Release|Any CPU
	EndGlobalSection
	GlobalSection(SolutionProperties) = preSolution
		HideSolutionNode = FALSE
	EndGlobalSection
	GlobalSection(ExtensibilityGlobals) = postSolution
		SolutionGuid = {BC67D87B-2FB6-4DED-B84D-1D0B158A03A1}
	EndGlobalSection
EndGlobal
